Microsoft Visual Studio Solution File, Format Version 12.00
# Visual Studio Version 17
VisualStudioVersion = 17.5.2.0
MinimumVisualStudioVersion = 10.0.40219.1
Project("{FAE04EC0-301F-11D3-BF4B-00C04F79EFBC}") = "Factorial Number", "Factorial Number.csproj", "{3A3FF163-93A7-12B7-B983-DB8CDE83F95D}"
EndProject
Global
	GlobalSection(SolutionConfigurationPlatforms) = preSolution
		Debug|Any CPU = Debug|Any CPU
		Release|Any CPU = Release|Any CPU
	EndGlobalSection
	GlobalSection(ProjectConfigurationPlatforms) = postSolution
		{3A3FF163-93A7-12B7-B983-DB8CDE83F95D}.Debug|Any CPU.ActiveCfg = Debug|Any CPU
		{3A3FF163-93A7-12B7-B983-DB8CDE83F95D}.Debug|Any CPU.Build.0 = Debug|Any CPU
		{3A3FF163-93A7-12B7-B983-DB8CDE83F95D}.Release|Any CPU.ActiveCfg = Release|Any CPU
		{3A3FF163-93A7-12B7-B983-DB8CDE83F95D}.Release|Any CPU.Build.0 = Release|Any CPU
	EndGlobalSection
	GlobalSection(SolutionProperties) = preSolution
		HideSolutionNode = FALSE
	EndGlobalSection
	GlobalSection(ExtensibilityGlobals) = postSolution
		SolutionGuid = {55F64130-99F9-476F-88FB-E7CA86418CA2}
	EndGlobalSection
EndGlobal
